// !$*UTF8*$!
{
	archiveVersion = 1;
	classes = {
	};
	objectVersion = 56;
	objects = {

/* Begin PBXBuildFile section */
		D11080E72C5D1C4100C5E225 /* SkillTreesApp.swift in Sources */ = {isa = PBXBuildFile; fileRef = D11080E62C5D1C4100C5E225 /* SkillTreesApp.swift */; };
		D11080E92C5D1C4100C5E225 /* ContentView.swift in Sources */ = {isa = PBXBuildFile; fileRef = D11080E82C5D1C4100C5E225 /* ContentView.swift */; };
		D11080EB2C5D1C4400C5E225 /* Assets.xcassets in Resources */ = {isa = PBXBuildFile; fileRef = D11080EA2C5D1C4400C5E225 /* Assets.xcassets */; };
		D11080EE2C5D1C4400C5E225 /* Preview Assets.xcassets in Resources */ = {isa = PBXBuildFile; fileRef = D11080ED2C5D1C4400C5E225 /* Preview Assets.xcassets */; };
		D11F9B502C7BEB1D00ABB4A4 /* EditProgressTreeView.swift in Sources */ = {isa = PBXBuildFile; fileRef = D11F9B4F2C7BEB1D00ABB4A4 /* EditProgressTreeView.swift */; };
		D11F9B532C7E52E000ABB4A4 /* OnboardingView.swift in Sources */ = {isa = PBXBuildFile; fileRef = D11F9B522C7E52E000ABB4A4 /* OnboardingView.swift */; };
		D11F9B552C7E95EC00ABB4A4 /* OnboardingWelcomeView.swift in Sources */ = {isa = PBXBuildFile; fileRef = D11F9B542C7E95EC00ABB4A4 /* OnboardingWelcomeView.swift */; };
		D11F9B572C7E9E7700ABB4A4 /* RotatingCircularTreeView.swift in Sources */ = {isa = PBXBuildFile; fileRef = D11F9B562C7E9E7700ABB4A4 /* RotatingCircularTreeView.swift */; };
		D11F9B592C7F850200ABB4A4 /* PickTemplatesAndEmailView.swift in Sources */ = {isa = PBXBuildFile; fileRef = D11F9B582C7F850200ABB4A4 /* PickTemplatesAndEmailView.swift */; };
		D11F9B5B2C7F901C00ABB4A4 /* CreatingTreesView.swift in Sources */ = {isa = PBXBuildFile; fileRef = D11F9B5A2C7F901C00ABB4A4 /* CreatingTreesView.swift */; };
		D11F9B632C82145C00ABB4A4 /* StoreKit.framework in Frameworks */ = {isa = PBXBuildFile; fileRef = D11F9B622C82145C00ABB4A4 /* StoreKit.framework */; };
		D11F9B652C822C9C00ABB4A4 /* RevenueCat.swift in Sources */ = {isa = PBXBuildFile; fileRef = D11F9B642C822C9C00ABB4A4 /* RevenueCat.swift */; };
		D11F9B672C822EC700ABB4A4 /* PurchasesDelegateHandler.swift in Sources */ = {isa = PBXBuildFile; fileRef = D11F9B662C822EC700ABB4A4 /* PurchasesDelegateHandler.swift */; };
		D13889B72C8368DD004EB9F0 /* RevenueCat in Frameworks */ = {isa = PBXBuildFile; productRef = D13889B62C8368DD004EB9F0 /* RevenueCat */; };
		D13889B92C8368DD004EB9F0 /* RevenueCatUI in Frameworks */ = {isa = PBXBuildFile; productRef = D13889B82C8368DD004EB9F0 /* RevenueCatUI */; };
		D151F8E92C71327E00E721C2 /* EdgeView.swift in Sources */ = {isa = PBXBuildFile; fileRef = D151F8E82C71327E00E721C2 /* EdgeView.swift */; };
		D151F8EB2C714C0700E721C2 /* SelectedNodeSheetView.swift in Sources */ = {isa = PBXBuildFile; fileRef = D151F8EA2C714C0700E721C2 /* SelectedNodeSheetView.swift */; };
		D151F8EF2C73AF4B00E721C2 /* ViewExtension.swift in Sources */ = {isa = PBXBuildFile; fileRef = D151F8EE2C73AF4B00E721C2 /* ViewExtension.swift */; };
		D151F8F22C73B5D600E721C2 /* CompleteNodeView.swift in Sources */ = {isa = PBXBuildFile; fileRef = D151F8F12C73B5D600E721C2 /* CompleteNodeView.swift */; };
		D151F8F42C73E9CF00E721C2 /* DrawCheckmarkView.swift in Sources */ = {isa = PBXBuildFile; fileRef = D151F8F32C73E9CF00E721C2 /* DrawCheckmarkView.swift */; };
		D151F8F62C73F12900E721C2 /* ChartView.swift in Sources */ = {isa = PBXBuildFile; fileRef = D151F8F52C73F12900E721C2 /* ChartView.swift */; };
		D151F8F82C73F19E00E721C2 /* DateExtension.swift in Sources */ = {isa = PBXBuildFile; fileRef = D151F8F72C73F19E00E721C2 /* DateExtension.swift */; };
		D151F8FA2C73F3E100E721C2 /* CompleteProgressiveNodeView.swift in Sources */ = {isa = PBXBuildFile; fileRef = D151F8F92C73F3E100E721C2 /* CompleteProgressiveNodeView.swift */; };
		D151F8FC2C7402A700E721C2 /* CompleteDefaultNodeView.swift in Sources */ = {isa = PBXBuildFile; fileRef = D151F8FB2C7402A700E721C2 /* CompleteDefaultNodeView.swift */; };
		D151F8FE2C740A4800E721C2 /* CompleteRepeatingNodeView.swift in Sources */ = {isa = PBXBuildFile; fileRef = D151F8FD2C740A4800E721C2 /* CompleteRepeatingNodeView.swift */; };
		D151F9002C74158D00E721C2 /* CompleteListNodeView.swift in Sources */ = {isa = PBXBuildFile; fileRef = D151F8FF2C74158C00E721C2 /* CompleteListNodeView.swift */; };
		D151F9022C7525E900E721C2 /* InsertNodePosition.swift in Sources */ = {isa = PBXBuildFile; fileRef = D151F9012C7525E800E721C2 /* InsertNodePosition.swift */; };
		D151F9052C75387F00E721C2 /* NewMilestoneSheetView.swift in Sources */ = {isa = PBXBuildFile; fileRef = D151F9042C75387F00E721C2 /* NewMilestoneSheetView.swift */; };
		D151F9072C755AF500E721C2 /* ProgressiveNodeInputView.swift in Sources */ = {isa = PBXBuildFile; fileRef = D151F9062C755AF500E721C2 /* ProgressiveNodeInputView.swift */; };
		D151F9092C75EF6900E721C2 /* NewMilestoneSheetVM.swift in Sources */ = {isa = PBXBuildFile; fileRef = D151F9082C75EF6900E721C2 /* NewMilestoneSheetVM.swift */; };
		D151F90B2C75F22800E721C2 /* RepeatingNodeInputView.swift in Sources */ = {isa = PBXBuildFile; fileRef = D151F90A2C75F22700E721C2 /* RepeatingNodeInputView.swift */; };
		D151F90D2C75F3B400E721C2 /* ListNodeInputView.swift in Sources */ = {isa = PBXBuildFile; fileRef = D151F90C2C75F3B400E721C2 /* ListNodeInputView.swift */; };
		D16723F82C8F5831001B8AB8 /* Mixpanel in Frameworks */ = {isa = PBXBuildFile; productRef = D16723F72C8F5831001B8AB8 /* Mixpanel */; };
		D16723FA2C8F6097001B8AB8 /* SurveySheetHandler.swift in Sources */ = {isa = PBXBuildFile; fileRef = D16723F92C8F6097001B8AB8 /* SurveySheetHandler.swift */; };
		D189CF562C8F866A00DC1A66 /* ProductMarketFitSurveyView.swift in Sources */ = {isa = PBXBuildFile; fileRef = D189CF552C8F866A00DC1A66 /* ProductMarketFitSurveyView.swift */; };
		D189CF582C90E73D00DC1A66 /* ViewModifiers.swift in Sources */ = {isa = PBXBuildFile; fileRef = D189CF572C90E73D00DC1A66 /* ViewModifiers.swift */; };
		D19AB9C02C5D230600399662 /* Colors.swift in Sources */ = {isa = PBXBuildFile; fileRef = D19AB9BF2C5D230600399662 /* Colors.swift */; };
		D19AB9C22C5D2E9600399662 /* DialoguePopUpView.swift in Sources */ = {isa = PBXBuildFile; fileRef = D19AB9C12C5D2E9600399662 /* DialoguePopUpView.swift */; };
		D19AB9C62C5D882000399662 /* AddNewProgressTreeView.swift in Sources */ = {isa = PBXBuildFile; fileRef = D19AB9C52C5D882000399662 /* AddNewProgressTreeView.swift */; };
		D1B389232C699A56008E9306 /* Settings.swift in Sources */ = {isa = PBXBuildFile; fileRef = D1B389222C699A56008E9306 /* Settings.swift */; };
		D1B389252C699B75008E9306 /* ProgressTree.swift in Sources */ = {isa = PBXBuildFile; fileRef = D1B389242C699B75008E9306 /* ProgressTree.swift */; };
		D1B389272C699DDD008E9306 /* TreeNode.swift in Sources */ = {isa = PBXBuildFile; fileRef = D1B389262C699DDD008E9306 /* TreeNode.swift */; };
		D1B389292C699DFD008E9306 /* ItemCompletionRecord.swift in Sources */ = {isa = PBXBuildFile; fileRef = D1B389282C699DFD008E9306 /* ItemCompletionRecord.swift */; };
		D1B3892B2C69A05E008E9306 /* SwiftDataController.swift in Sources */ = {isa = PBXBuildFile; fileRef = D1B3892A2C69A05E008E9306 /* SwiftDataController.swift */; };
		D1B3892E2C6AA748008E9306 /* MCEmojiPicker in Frameworks */ = {isa = PBXBuildFile; productRef = D1B3892D2C6AA748008E9306 /* MCEmojiPicker */; };
		D1B389312C6AAB00008E9306 /* ProgressTreeTemplates.swift in Sources */ = {isa = PBXBuildFile; fileRef = D1B389302C6AAB00008E9306 /* ProgressTreeTemplates.swift */; };
		D1B389342C6BC903008E9306 /* CircularProgressView.swift in Sources */ = {isa = PBXBuildFile; fileRef = D1B389332C6BC903008E9306 /* CircularProgressView.swift */; };
		D1B389362C6BCC3F008E9306 /* ProgressTreeCardView.swift in Sources */ = {isa = PBXBuildFile; fileRef = D1B389352C6BCC3F008E9306 /* ProgressTreeCardView.swift */; };
		D1B389382C6BE193008E9306 /* ProgressTreeView.swift in Sources */ = {isa = PBXBuildFile; fileRef = D1B389372C6BE193008E9306 /* ProgressTreeView.swift */; };
		D1B3893A2C6BEA3A008E9306 /* TreeNodeView.swift in Sources */ = {isa = PBXBuildFile; fileRef = D1B389392C6BEA3A008E9306 /* TreeNodeView.swift */; };
		D1B3893C2C6C1A38008E9306 /* ContentViewVM.swift in Sources */ = {isa = PBXBuildFile; fileRef = D1B3893B2C6C1A38008E9306 /* ContentViewVM.swift */; };
		D1B389402C6C3BB2008E9306 /* ProgressTreeViewVM.swift in Sources */ = {isa = PBXBuildFile; fileRef = D1B3893F2C6C3BB2008E9306 /* ProgressTreeViewVM.swift */; };
		D1B389422C6C48AF008E9306 /* StringExtension.swift in Sources */ = {isa = PBXBuildFile; fileRef = D1B389412C6C48AF008E9306 /* StringExtension.swift */; };
		D1CEECB72C7AA4DD00C3605D /* AnyTransitionExtension.swift in Sources */ = {isa = PBXBuildFile; fileRef = D1CEECB62C7AA4DD00C3605D /* AnyTransitionExtension.swift */; };
		D1CEECBB2C7BE6AA00C3605D /* BlurBackground.swift in Sources */ = {isa = PBXBuildFile; fileRef = D1CEECBA2C7BE6AA00C3605D /* BlurBackground.swift */; };
/* End PBXBuildFile section */

/* Begin PBXFileReference section */
		D11080E32C5D1C4100C5E225 /* SkillTrees.app */ = {isa = PBXFileReference; explicitFileType = wrapper.application; includeInIndex = 0; path = SkillTrees.app; sourceTree = BUILT_PRODUCTS_DIR; };
		D11080E62C5D1C4100C5E225 /* SkillTreesApp.swift */ = {isa = PBXFileReference; lastKnownFileType = sourcecode.swift; path = SkillTreesApp.swift; sourceTree = "<group>"; };
		D11080E82C5D1C4100C5E225 /* ContentView.swift */ = {isa = PBXFileReference; lastKnownFileType = sourcecode.swift; path = ContentView.swift; sourceTree = "<group>"; };
		D11080EA2C5D1C4400C5E225 /* Assets.xcassets */ = {isa = PBXFileReference; lastKnownFileType = folder.assetcatalog; path = Assets.xcassets; sourceTree = "<group>"; };
		D11080ED2C5D1C4400C5E225 /* Preview Assets.xcassets */ = {isa = PBXFileReference; lastKnownFileType = folder.assetcatalog; path = "Preview Assets.xcassets"; sourceTree = "<group>"; };
		D11F9B4F2C7BEB1D00ABB4A4 /* EditProgressTreeView.swift */ = {isa = PBXFileReference; lastKnownFileType = sourcecode.swift; path = EditProgressTreeView.swift; sourceTree = "<group>"; };
		D11F9B522C7E52E000ABB4A4 /* OnboardingView.swift */ = {isa = PBXFileReference; lastKnownFileType = sourcecode.swift; path = OnboardingView.swift; sourceTree = "<group>"; };
		D11F9B542C7E95EC00ABB4A4 /* OnboardingWelcomeView.swift */ = {isa = PBXFileReference; lastKnownFileType = sourcecode.swift; path = OnboardingWelcomeView.swift; sourceTree = "<group>"; };
		D11F9B562C7E9E7700ABB4A4 /* RotatingCircularTreeView.swift */ = {isa = PBXFileReference; lastKnownFileType = sourcecode.swift; path = RotatingCircularTreeView.swift; sourceTree = "<group>"; };
		D11F9B582C7F850200ABB4A4 /* PickTemplatesAndEmailView.swift */ = {isa = PBXFileReference; lastKnownFileType = sourcecode.swift; path = PickTemplatesAndEmailView.swift; sourceTree = "<group>"; };
		D11F9B5A2C7F901C00ABB4A4 /* CreatingTreesView.swift */ = {isa = PBXFileReference; lastKnownFileType = sourcecode.swift; path = CreatingTreesView.swift; sourceTree = "<group>"; };
		D11F9B622C82145C00ABB4A4 /* StoreKit.framework */ = {isa = PBXFileReference; lastKnownFileType = wrapper.framework; name = StoreKit.framework; path = System/Library/Frameworks/StoreKit.framework; sourceTree = SDKROOT; };
		D11F9B642C822C9C00ABB4A4 /* RevenueCat.swift */ = {isa = PBXFileReference; lastKnownFileType = sourcecode.swift; path = RevenueCat.swift; sourceTree = "<group>"; };
		D11F9B662C822EC700ABB4A4 /* PurchasesDelegateHandler.swift */ = {isa = PBXFileReference; lastKnownFileType = sourcecode.swift; path = PurchasesDelegateHandler.swift; sourceTree = "<group>"; };
		D151F8E82C71327E00E721C2 /* EdgeView.swift */ = {isa = PBXFileReference; lastKnownFileType = sourcecode.swift; path = EdgeView.swift; sourceTree = "<group>"; };
		D151F8EA2C714C0700E721C2 /* SelectedNodeSheetView.swift */ = {isa = PBXFileReference; lastKnownFileType = sourcecode.swift; path = SelectedNodeSheetView.swift; sourceTree = "<group>"; };
		D151F8EE2C73AF4B00E721C2 /* ViewExtension.swift */ = {isa = PBXFileReference; lastKnownFileType = sourcecode.swift; path = ViewExtension.swift; sourceTree = "<group>"; };
		D151F8F12C73B5D600E721C2 /* CompleteNodeView.swift */ = {isa = PBXFileReference; lastKnownFileType = sourcecode.swift; path = CompleteNodeView.swift; sourceTree = "<group>"; };
		D151F8F32C73E9CF00E721C2 /* DrawCheckmarkView.swift */ = {isa = PBXFileReference; lastKnownFileType = sourcecode.swift; path = DrawCheckmarkView.swift; sourceTree = "<group>"; };
		D151F8F52C73F12900E721C2 /* ChartView.swift */ = {isa = PBXFileReference; lastKnownFileType = sourcecode.swift; path = ChartView.swift; sourceTree = "<group>"; };
		D151F8F72C73F19E00E721C2 /* DateExtension.swift */ = {isa = PBXFileReference; lastKnownFileType = sourcecode.swift; path = DateExtension.swift; sourceTree = "<group>"; };
		D151F8F92C73F3E100E721C2 /* CompleteProgressiveNodeView.swift */ = {isa = PBXFileReference; lastKnownFileType = sourcecode.swift; path = CompleteProgressiveNodeView.swift; sourceTree = "<group>"; };
		D151F8FB2C7402A700E721C2 /* CompleteDefaultNodeView.swift */ = {isa = PBXFileReference; lastKnownFileType = sourcecode.swift; path = CompleteDefaultNodeView.swift; sourceTree = "<group>"; };
		D151F8FD2C740A4800E721C2 /* CompleteRepeatingNodeView.swift */ = {isa = PBXFileReference; lastKnownFileType = sourcecode.swift; path = CompleteRepeatingNodeView.swift; sourceTree = "<group>"; };
		D151F8FF2C74158C00E721C2 /* CompleteListNodeView.swift */ = {isa = PBXFileReference; lastKnownFileType = sourcecode.swift; path = CompleteListNodeView.swift; sourceTree = "<group>"; };
		D151F9012C7525E800E721C2 /* InsertNodePosition.swift */ = {isa = PBXFileReference; lastKnownFileType = sourcecode.swift; path = InsertNodePosition.swift; sourceTree = "<group>"; };
		D151F9042C75387F00E721C2 /* NewMilestoneSheetView.swift */ = {isa = PBXFileReference; lastKnownFileType = sourcecode.swift; path = NewMilestoneSheetView.swift; sourceTree = "<group>"; };
		D151F9062C755AF500E721C2 /* ProgressiveNodeInputView.swift */ = {isa = PBXFileReference; lastKnownFileType = sourcecode.swift; path = ProgressiveNodeInputView.swift; sourceTree = "<group>"; };
		D151F9082C75EF6900E721C2 /* NewMilestoneSheetVM.swift */ = {isa = PBXFileReference; lastKnownFileType = sourcecode.swift; path = NewMilestoneSheetVM.swift; sourceTree = "<group>"; };
		D151F90A2C75F22700E721C2 /* RepeatingNodeInputView.swift */ = {isa = PBXFileReference; lastKnownFileType = sourcecode.swift; path = RepeatingNodeInputView.swift; sourceTree = "<group>"; };
		D151F90C2C75F3B400E721C2 /* ListNodeInputView.swift */ = {isa = PBXFileReference; lastKnownFileType = sourcecode.swift; path = ListNodeInputView.swift; sourceTree = "<group>"; };
		D16723F92C8F6097001B8AB8 /* SurveySheetHandler.swift */ = {isa = PBXFileReference; lastKnownFileType = sourcecode.swift; path = SurveySheetHandler.swift; sourceTree = "<group>"; };
		D189CF552C8F866A00DC1A66 /* ProductMarketFitSurveyView.swift */ = {isa = PBXFileReference; lastKnownFileType = sourcecode.swift; path = ProductMarketFitSurveyView.swift; sourceTree = "<group>"; };
		D189CF572C90E73D00DC1A66 /* ViewModifiers.swift */ = {isa = PBXFileReference; lastKnownFileType = sourcecode.swift; path = ViewModifiers.swift; sourceTree = "<group>"; };
		D19AB9BF2C5D230600399662 /* Colors.swift */ = {isa = PBXFileReference; lastKnownFileType = sourcecode.swift; path = Colors.swift; sourceTree = "<group>"; };
		D19AB9C12C5D2E9600399662 /* DialoguePopUpView.swift */ = {isa = PBXFileReference; lastKnownFileType = sourcecode.swift; path = DialoguePopUpView.swift; sourceTree = "<group>"; };
		D19AB9C52C5D882000399662 /* AddNewProgressTreeView.swift */ = {isa = PBXFileReference; lastKnownFileType = sourcecode.swift; path = AddNewProgressTreeView.swift; sourceTree = "<group>"; };
		D1B389222C699A56008E9306 /* Settings.swift */ = {isa = PBXFileReference; lastKnownFileType = sourcecode.swift; path = Settings.swift; sourceTree = "<group>"; };
		D1B389242C699B75008E9306 /* ProgressTree.swift */ = {isa = PBXFileReference; lastKnownFileType = sourcecode.swift; path = ProgressTree.swift; sourceTree = "<group>"; };
		D1B389262C699DDD008E9306 /* TreeNode.swift */ = {isa = PBXFileReference; lastKnownFileType = sourcecode.swift; path = TreeNode.swift; sourceTree = "<group>"; };
		D1B389282C699DFD008E9306 /* ItemCompletionRecord.swift */ = {isa = PBXFileReference; lastKnownFileType = sourcecode.swift; path = ItemCompletionRecord.swift; sourceTree = "<group>"; };
		D1B3892A2C69A05E008E9306 /* SwiftDataController.swift */ = {isa = PBXFileReference; lastKnownFileType = sourcecode.swift; path = SwiftDataController.swift; sourceTree = "<group>"; };
		D1B389302C6AAB00008E9306 /* ProgressTreeTemplates.swift */ = {isa = PBXFileReference; lastKnownFileType = sourcecode.swift; path = ProgressTreeTemplates.swift; sourceTree = "<group>"; };
		D1B389332C6BC903008E9306 /* CircularProgressView.swift */ = {isa = PBXFileReference; lastKnownFileType = sourcecode.swift; path = CircularProgressView.swift; sourceTree = "<group>"; };
		D1B389352C6BCC3F008E9306 /* ProgressTreeCardView.swift */ = {isa = PBXFileReference; lastKnownFileType = sourcecode.swift; path = ProgressTreeCardView.swift; sourceTree = "<group>"; };
		D1B389372C6BE193008E9306 /* ProgressTreeView.swift */ = {isa = PBXFileReference; lastKnownFileType = sourcecode.swift; name = ProgressTreeView.swift; path = "../New Group/ProgressTreeView.swift"; sourceTree = "<group>"; };
		D1B389392C6BEA3A008E9306 /* TreeNodeView.swift */ = {isa = PBXFileReference; lastKnownFileType = sourcecode.swift; path = TreeNodeView.swift; sourceTree = "<group>"; };
		D1B3893B2C6C1A38008E9306 /* ContentViewVM.swift */ = {isa = PBXFileReference; lastKnownFileType = sourcecode.swift; path = ContentViewVM.swift; sourceTree = "<group>"; };
		D1B3893F2C6C3BB2008E9306 /* ProgressTreeViewVM.swift */ = {isa = PBXFileReference; lastKnownFileType = sourcecode.swift; path = ProgressTreeViewVM.swift; sourceTree = "<group>"; };
		D1B389412C6C48AF008E9306 /* StringExtension.swift */ = {isa = PBXFileReference; lastKnownFileType = sourcecode.swift; path = StringExtension.swift; sourceTree = "<group>"; };
		D1CEECB62C7AA4DD00C3605D /* AnyTransitionExtension.swift */ = {isa = PBXFileReference; lastKnownFileType = sourcecode.swift; path = AnyTransitionExtension.swift; sourceTree = "<group>"; };
		D1CEECBA2C7BE6AA00C3605D /* BlurBackground.swift */ = {isa = PBXFileReference; lastKnownFileType = sourcecode.swift; path = BlurBackground.swift; sourceTree = "<group>"; };
/* End PBXFileReference section */

/* Begin PBXFrameworksBuildPhase section */
		D11080E02C5D1C4100C5E225 /* Frameworks */ = {
			isa = PBXFrameworksBuildPhase;
			buildActionMask = 2147483647;
			files = (
				D13889B92C8368DD004EB9F0 /* RevenueCatUI in Frameworks */,
				D16723F82C8F5831001B8AB8 /* Mixpanel in Frameworks */,
				D1B3892E2C6AA748008E9306 /* MCEmojiPicker in Frameworks */,
				D11F9B632C82145C00ABB4A4 /* StoreKit.framework in Frameworks */,
				D13889B72C8368DD004EB9F0 /* RevenueCat in Frameworks */,
			);
			runOnlyForDeploymentPostprocessing = 0;
		};
/* End PBXFrameworksBuildPhase section */

/* Begin PBXGroup section */
		D11080DA2C5D1C4100C5E225 = {
			isa = PBXGroup;
			children = (
				D11080E52C5D1C4100C5E225 /* SkillTrees */,
				D11080E42C5D1C4100C5E225 /* Products */,
				D11F9B612C82145B00ABB4A4 /* Frameworks */,
			);
			sourceTree = "<group>";
		};
		D11080E42C5D1C4100C5E225 /* Products */ = {
			isa = PBXGroup;
			children = (
				D11080E32C5D1C4100C5E225 /* SkillTrees.app */,
			);
			name = Products;
			sourceTree = "<group>";
		};
		D11080E52C5D1C4100C5E225 /* SkillTrees */ = {
			isa = PBXGroup;
			children = (
				D1B3893E2C6C3B91008E9306 /* ProgressTreeView */,
				D1B3893D2C6C1A64008E9306 /* ContentView */,
				D19AB9BD2C5D22EB00399662 /* Shared */,
				D11080E62C5D1C4100C5E225 /* SkillTreesApp.swift */,
				D11080EA2C5D1C4400C5E225 /* Assets.xcassets */,
				D11080EC2C5D1C4400C5E225 /* Preview Content */,
				D19AB9C12C5D2E9600399662 /* DialoguePopUpView.swift */,
				D19AB9C52C5D882000399662 /* AddNewProgressTreeView.swift */,
				D11F9B662C822EC700ABB4A4 /* PurchasesDelegateHandler.swift */,
			);
			path = SkillTrees;
			sourceTree = "<group>";
		};
		D11080EC2C5D1C4400C5E225 /* Preview Content */ = {
			isa = PBXGroup;
			children = (
				D11080ED2C5D1C4400C5E225 /* Preview Assets.xcassets */,
			);
			path = "Preview Content";
			sourceTree = "<group>";
		};
		D11F9B512C7E52C500ABB4A4 /* OnboardingView */ = {
			isa = PBXGroup;
			children = (
				D11F9B522C7E52E000ABB4A4 /* OnboardingView.swift */,
				D11F9B542C7E95EC00ABB4A4 /* OnboardingWelcomeView.swift */,
				D11F9B562C7E9E7700ABB4A4 /* RotatingCircularTreeView.swift */,
				D11F9B582C7F850200ABB4A4 /* PickTemplatesAndEmailView.swift */,
				D11F9B5A2C7F901C00ABB4A4 /* CreatingTreesView.swift */,
			);
			path = OnboardingView;
			sourceTree = "<group>";
		};
		D11F9B612C82145B00ABB4A4 /* Frameworks */ = {
			isa = PBXGroup;
			children = (
				D11F9B622C82145C00ABB4A4 /* StoreKit.framework */,
			);
			name = Frameworks;
			sourceTree = "<group>";
		};
		D151F8F02C73B52900E721C2 /* SelectedNodeSheetView */ = {
			isa = PBXGroup;
			children = (
				D151F8EA2C714C0700E721C2 /* SelectedNodeSheetView.swift */,
				D151F8F12C73B5D600E721C2 /* CompleteNodeView.swift */,
				D151F8F52C73F12900E721C2 /* ChartView.swift */,
				D151F8F92C73F3E100E721C2 /* CompleteProgressiveNodeView.swift */,
				D151F8FB2C7402A700E721C2 /* CompleteDefaultNodeView.swift */,
				D151F8FD2C740A4800E721C2 /* CompleteRepeatingNodeView.swift */,
				D151F8FF2C74158C00E721C2 /* CompleteListNodeView.swift */,
			);
			path = SelectedNodeSheetView;
			sourceTree = "<group>";
		};
		D151F9032C75386300E721C2 /* NewMilestoneSheetView */ = {
			isa = PBXGroup;
			children = (
				D151F9042C75387F00E721C2 /* NewMilestoneSheetView.swift */,
				D151F9082C75EF6900E721C2 /* NewMilestoneSheetVM.swift */,
				D151F9062C755AF500E721C2 /* ProgressiveNodeInputView.swift */,
				D151F90A2C75F22700E721C2 /* RepeatingNodeInputView.swift */,
				D151F90C2C75F3B400E721C2 /* ListNodeInputView.swift */,
			);
			path = NewMilestoneSheetView;
			sourceTree = "<group>";
		};
		D189CF542C8F865B00DC1A66 /* Surveys */ = {
			isa = PBXGroup;
			children = (
				D189CF552C8F866A00DC1A66 /* ProductMarketFitSurveyView.swift */,
			);
			path = Surveys;
			sourceTree = "<group>";
		};
		D19AB9BD2C5D22EB00399662 /* Shared */ = {
			isa = PBXGroup;
			children = (
				D1B389322C6BC8F5008E9306 /* Components */,
				D1B3892F2C6AAAE9008E9306 /* Constants */,
				D1B3891F2C697147008E9306 /* Extensions */,
				D19AB9BE2C5D22F200399662 /* Entities */,
				D19AB9BF2C5D230600399662 /* Colors.swift */,
				D1B3892A2C69A05E008E9306 /* SwiftDataController.swift */,
			);
			path = Shared;
			sourceTree = "<group>";
		};
		D19AB9BE2C5D22F200399662 /* Entities */ = {
			isa = PBXGroup;
			children = (
				D1B389222C699A56008E9306 /* Settings.swift */,
				D1B389242C699B75008E9306 /* ProgressTree.swift */,
				D1B389262C699DDD008E9306 /* TreeNode.swift */,
				D1B389282C699DFD008E9306 /* ItemCompletionRecord.swift */,
				D151F9012C7525E800E721C2 /* InsertNodePosition.swift */,
				D16723F92C8F6097001B8AB8 /* SurveySheetHandler.swift */,
			);
			path = Entities;
			sourceTree = "<group>";
		};
		D1B3891F2C697147008E9306 /* Extensions */ = {
			isa = PBXGroup;
			children = (
				D1B389412C6C48AF008E9306 /* StringExtension.swift */,
				D151F8EE2C73AF4B00E721C2 /* ViewExtension.swift */,
				D151F8F72C73F19E00E721C2 /* DateExtension.swift */,
				D1CEECB62C7AA4DD00C3605D /* AnyTransitionExtension.swift */,
				D189CF572C90E73D00DC1A66 /* ViewModifiers.swift */,
			);
			path = Extensions;
			sourceTree = "<group>";
		};
		D1B3892F2C6AAAE9008E9306 /* Constants */ = {
			isa = PBXGroup;
			children = (
				D1B389302C6AAB00008E9306 /* ProgressTreeTemplates.swift */,
				D11F9B642C822C9C00ABB4A4 /* RevenueCat.swift */,
			);
			path = Constants;
			sourceTree = "<group>";
		};
		D1B389322C6BC8F5008E9306 /* Components */ = {
			isa = PBXGroup;
			children = (
				D189CF542C8F865B00DC1A66 /* Surveys */,
				D1B389332C6BC903008E9306 /* CircularProgressView.swift */,
				D1B389352C6BCC3F008E9306 /* ProgressTreeCardView.swift */,
				D1B389392C6BEA3A008E9306 /* TreeNodeView.swift */,
				D151F8F32C73E9CF00E721C2 /* DrawCheckmarkView.swift */,
				D1CEECBA2C7BE6AA00C3605D /* BlurBackground.swift */,
			);
			path = Components;
			sourceTree = "<group>";
		};
		D1B3893D2C6C1A64008E9306 /* ContentView */ = {
			isa = PBXGroup;
			children = (
				D11F9B512C7E52C500ABB4A4 /* OnboardingView */,
				D11080E82C5D1C4100C5E225 /* ContentView.swift */,
				D1B3893B2C6C1A38008E9306 /* ContentViewVM.swift */,
				D11F9B4F2C7BEB1D00ABB4A4 /* EditProgressTreeView.swift */,
			);
			path = ContentView;
			sourceTree = "<group>";
		};
		D1B3893E2C6C3B91008E9306 /* ProgressTreeView */ = {
			isa = PBXGroup;
			children = (
				D151F9032C75386300E721C2 /* NewMilestoneSheetView */,
				D151F8F02C73B52900E721C2 /* SelectedNodeSheetView */,
				D1B3893F2C6C3BB2008E9306 /* ProgressTreeViewVM.swift */,
				D1B389372C6BE193008E9306 /* ProgressTreeView.swift */,
				D151F8E82C71327E00E721C2 /* EdgeView.swift */,
			);
			path = ProgressTreeView;
			sourceTree = "<group>";
		};
/* End PBXGroup section */

/* Begin PBXNativeTarget section */
		D11080E22C5D1C4100C5E225 /* SkillTrees */ = {
			isa = PBXNativeTarget;
			buildConfigurationList = D11080F12C5D1C4400C5E225 /* Build configuration list for PBXNativeTarget "SkillTrees" */;
			buildPhases = (
				D11080DF2C5D1C4100C5E225 /* Sources */,
				D11080E02C5D1C4100C5E225 /* Frameworks */,
				D11080E12C5D1C4100C5E225 /* Resources */,
			);
			buildRules = (
			);
			dependencies = (
			);
			name = SkillTrees;
			packageProductDependencies = (
				D1B3892D2C6AA748008E9306 /* MCEmojiPicker */,
				D13889B62C8368DD004EB9F0 /* RevenueCat */,
				D13889B82C8368DD004EB9F0 /* RevenueCatUI */,
				D16723F72C8F5831001B8AB8 /* Mixpanel */,
			);
			productName = SkillTrees;
			productReference = D11080E32C5D1C4100C5E225 /* SkillTrees.app */;
			productType = "com.apple.product-type.application";
		};
/* End PBXNativeTarget section */

/* Begin PBXProject section */
		D11080DB2C5D1C4100C5E225 /* Project object */ = {
			isa = PBXProject;
			attributes = {
				BuildIndependentTargetsInParallel = 1;
				LastSwiftUpdateCheck = 1530;
				LastUpgradeCheck = 1530;
				TargetAttributes = {
					D11080E22C5D1C4100C5E225 = {
						CreatedOnToolsVersion = 15.3;
					};
				};
			};
			buildConfigurationList = D11080DE2C5D1C4100C5E225 /* Build configuration list for PBXProject "SkillTrees" */;
			compatibilityVersion = "Xcode 14.0";
			developmentRegion = en;
			hasScannedForEncodings = 0;
			knownRegions = (
				en,
				Base,
			);
			mainGroup = D11080DA2C5D1C4100C5E225;
			packageReferences = (
				D1B3892C2C6AA748008E9306 /* XCRemoteSwiftPackageReference "MCEmojiPicker" */,
				D13889B52C8368DD004EB9F0 /* XCRemoteSwiftPackageReference "purchases-ios-spm" */,
				D16723F62C8F5831001B8AB8 /* XCRemoteSwiftPackageReference "mixpanel-swift" */,
			);
			productRefGroup = D11080E42C5D1C4100C5E225 /* Products */;
			projectDirPath = "";
			projectRoot = "";
			targets = (
				D11080E22C5D1C4100C5E225 /* SkillTrees */,
			);
		};
/* End PBXProject section */

/* Begin PBXResourcesBuildPhase section */
		D11080E12C5D1C4100C5E225 /* Resources */ = {
			isa = PBXResourcesBuildPhase;
			buildActionMask = 2147483647;
			files = (
				D11080EE2C5D1C4400C5E225 /* Preview Assets.xcassets in Resources */,
				D11080EB2C5D1C4400C5E225 /* Assets.xcassets in Resources */,
			);
			runOnlyForDeploymentPostprocessing = 0;
		};
/* End PBXResourcesBuildPhase section */

/* Begin PBXSourcesBuildPhase section */
		D11080DF2C5D1C4100C5E225 /* Sources */ = {
			isa = PBXSourcesBuildPhase;
			buildActionMask = 2147483647;
			files = (
				D1B389232C699A56008E9306 /* Settings.swift in Sources */,
				D19AB9C62C5D882000399662 /* AddNewProgressTreeView.swift in Sources */,
				D1B389292C699DFD008E9306 /* ItemCompletionRecord.swift in Sources */,
				D151F8FE2C740A4800E721C2 /* CompleteRepeatingNodeView.swift in Sources */,
				D151F8F42C73E9CF00E721C2 /* DrawCheckmarkView.swift in Sources */,
				D151F8EF2C73AF4B00E721C2 /* ViewExtension.swift in Sources */,
				D11080E92C5D1C4100C5E225 /* ContentView.swift in Sources */,
				D11F9B502C7BEB1D00ABB4A4 /* EditProgressTreeView.swift in Sources */,
				D151F90B2C75F22800E721C2 /* RepeatingNodeInputView.swift in Sources */,
				D151F9072C755AF500E721C2 /* ProgressiveNodeInputView.swift in Sources */,
				D151F9002C74158D00E721C2 /* CompleteListNodeView.swift in Sources */,
				D19AB9C02C5D230600399662 /* Colors.swift in Sources */,
				D151F8EB2C714C0700E721C2 /* SelectedNodeSheetView.swift in Sources */,
				D11F9B672C822EC700ABB4A4 /* PurchasesDelegateHandler.swift in Sources */,
				D151F8E92C71327E00E721C2 /* EdgeView.swift in Sources */,
				D151F8FA2C73F3E100E721C2 /* CompleteProgressiveNodeView.swift in Sources */,
				D189CF562C8F866A00DC1A66 /* ProductMarketFitSurveyView.swift in Sources */,
				D1B389402C6C3BB2008E9306 /* ProgressTreeViewVM.swift in Sources */,
				D11F9B5B2C7F901C00ABB4A4 /* CreatingTreesView.swift in Sources */,
				D151F9022C7525E900E721C2 /* InsertNodePosition.swift in Sources */,
				D11080E72C5D1C4100C5E225 /* SkillTreesApp.swift in Sources */,
				D151F8F82C73F19E00E721C2 /* DateExtension.swift in Sources */,
				D19AB9C22C5D2E9600399662 /* DialoguePopUpView.swift in Sources */,
				D151F8F22C73B5D600E721C2 /* CompleteNodeView.swift in Sources */,
				D1B3893C2C6C1A38008E9306 /* ContentViewVM.swift in Sources */,
				D1B389382C6BE193008E9306 /* ProgressTreeView.swift in Sources */,
				D1B389252C699B75008E9306 /* ProgressTree.swift in Sources */,
				D189CF582C90E73D00DC1A66 /* ViewModifiers.swift in Sources */,
				D11F9B652C822C9C00ABB4A4 /* RevenueCat.swift in Sources */,
				D11F9B532C7E52E000ABB4A4 /* OnboardingView.swift in Sources */,
				D1B389362C6BCC3F008E9306 /* ProgressTreeCardView.swift in Sources */,
				D1B389312C6AAB00008E9306 /* ProgressTreeTemplates.swift in Sources */,
				D1B389272C699DDD008E9306 /* TreeNode.swift in Sources */,
				D151F8FC2C7402A700E721C2 /* CompleteDefaultNodeView.swift in Sources */,
				D1CEECB72C7AA4DD00C3605D /* AnyTransitionExtension.swift in Sources */,
				D11F9B592C7F850200ABB4A4 /* PickTemplatesAndEmailView.swift in Sources */,
				D16723FA2C8F6097001B8AB8 /* SurveySheetHandler.swift in Sources */,
				D151F90D2C75F3B400E721C2 /* ListNodeInputView.swift in Sources */,
				D1B389422C6C48AF008E9306 /* StringExtension.swift in Sources */,
				D11F9B552C7E95EC00ABB4A4 /* OnboardingWelcomeView.swift in Sources */,
				D1B389342C6BC903008E9306 /* CircularProgressView.swift in Sources */,
				D1CEECBB2C7BE6AA00C3605D /* BlurBackground.swift in Sources */,
				D1B3892B2C69A05E008E9306 /* SwiftDataController.swift in Sources */,
				D11F9B572C7E9E7700ABB4A4 /* RotatingCircularTreeView.swift in Sources */,
				D151F9092C75EF6900E721C2 /* NewMilestoneSheetVM.swift in Sources */,
				D1B3893A2C6BEA3A008E9306 /* TreeNodeView.swift in Sources */,
				D151F8F62C73F12900E721C2 /* ChartView.swift in Sources */,
				D151F9052C75387F00E721C2 /* NewMilestoneSheetView.swift in Sources */,
			);
			runOnlyForDeploymentPostprocessing = 0;
		};
/* End PBXSourcesBuildPhase section */

/* Begin XCBuildConfiguration section */
		D11080EF2C5D1C4400C5E225 /* Debug */ = {
			isa = XCBuildConfiguration;
			buildSettings = {
				ALWAYS_SEARCH_USER_PATHS = NO;
				ASSETCATALOG_COMPILER_GENERATE_SWIFT_ASSET_SYMBOL_EXTENSIONS = YES;
				CLANG_ANALYZER_NONNULL = YES;
				CLANG_ANALYZER_NUMBER_OBJECT_CONVERSION = YES_AGGRESSIVE;
				CLANG_CXX_LANGUAGE_STANDARD = "gnu++20";
				CLANG_ENABLE_MODULES = YES;
				CLANG_ENABLE_OBJC_ARC = YES;
				CLANG_ENABLE_OBJC_WEAK = YES;
				CLANG_WARN_BLOCK_CAPTURE_AUTORELEASING = YES;
				CLANG_WARN_BOOL_CONVERSION = YES;
				CLANG_WARN_COMMA = YES;
				CLANG_WARN_CONSTANT_CONVERSION = YES;
				CLANG_WARN_DEPRECATED_OBJC_IMPLEMENTATIONS = YES;
				CLANG_WARN_DIRECT_OBJC_ISA_USAGE = YES_ERROR;
				CLANG_WARN_DOCUMENTATION_COMMENTS = YES;
				CLANG_WARN_EMPTY_BODY = YES;
				CLANG_WARN_ENUM_CONVERSION = YES;
				CLANG_WARN_INFINITE_RECURSION = YES;
				CLANG_WARN_INT_CONVERSION = YES;
				CLANG_WARN_NON_LITERAL_NULL_CONVERSION = YES;
				CLANG_WARN_OBJC_IMPLICIT_RETAIN_SELF = YES;
				CLANG_WARN_OBJC_LITERAL_CONVERSION = YES;
				CLANG_WARN_OBJC_ROOT_CLASS = YES_ERROR;
				CLANG_WARN_QUOTED_INCLUDE_IN_FRAMEWORK_HEADER = YES;
				CLANG_WARN_RANGE_LOOP_ANALYSIS = YES;
				CLANG_WARN_STRICT_PROTOTYPES = YES;
				CLANG_WARN_SUSPICIOUS_MOVE = YES;
				CLANG_WARN_UNGUARDED_AVAILABILITY = YES_AGGRESSIVE;
				CLANG_WARN_UNREACHABLE_CODE = YES;
				CLANG_WARN__DUPLICATE_METHOD_MATCH = YES;
				COPY_PHASE_STRIP = NO;
				DEBUG_INFORMATION_FORMAT = dwarf;
				ENABLE_STRICT_OBJC_MSGSEND = YES;
				ENABLE_TESTABILITY = YES;
				ENABLE_USER_SCRIPT_SANDBOXING = YES;
				GCC_C_LANGUAGE_STANDARD = gnu17;
				GCC_DYNAMIC_NO_PIC = NO;
				GCC_NO_COMMON_BLOCKS = YES;
				GCC_OPTIMIZATION_LEVEL = 0;
				GCC_PREPROCESSOR_DEFINITIONS = (
					"DEBUG=1",
					"$(inherited)",
				);
				GCC_WARN_64_TO_32_BIT_CONVERSION = YES;
				GCC_WARN_ABOUT_RETURN_TYPE = YES_ERROR;
				GCC_WARN_UNDECLARED_SELECTOR = YES;
				GCC_WARN_UNINITIALIZED_AUTOS = YES_AGGRESSIVE;
				GCC_WARN_UNUSED_FUNCTION = YES;
				GCC_WARN_UNUSED_VARIABLE = YES;
				IPHONEOS_DEPLOYMENT_TARGET = 17.0;
				LOCALIZATION_PREFERS_STRING_CATALOGS = YES;
				MTL_ENABLE_DEBUG_INFO = INCLUDE_SOURCE;
				MTL_FAST_MATH = YES;
				ONLY_ACTIVE_ARCH = YES;
				SDKROOT = iphoneos;
				SWIFT_ACTIVE_COMPILATION_CONDITIONS = "DEBUG $(inherited)";
				SWIFT_OPTIMIZATION_LEVEL = "-Onone";
			};
			name = Debug;
		};
		D11080F02C5D1C4400C5E225 /* Release */ = {
			isa = XCBuildConfiguration;
			buildSettings = {
				ALWAYS_SEARCH_USER_PATHS = NO;
				ASSETCATALOG_COMPILER_GENERATE_SWIFT_ASSET_SYMBOL_EXTENSIONS = YES;
				CLANG_ANALYZER_NONNULL = YES;
				CLANG_ANALYZER_NUMBER_OBJECT_CONVERSION = YES_AGGRESSIVE;
				CLANG_CXX_LANGUAGE_STANDARD = "gnu++20";
				CLANG_ENABLE_MODULES = YES;
				CLANG_ENABLE_OBJC_ARC = YES;
				CLANG_ENABLE_OBJC_WEAK = YES;
				CLANG_WARN_BLOCK_CAPTURE_AUTORELEASING = YES;
				CLANG_WARN_BOOL_CONVERSION = YES;
				CLANG_WARN_COMMA = YES;
				CLANG_WARN_CONSTANT_CONVERSION = YES;
				CLANG_WARN_DEPRECATED_OBJC_IMPLEMENTATIONS = YES;
				CLANG_WARN_DIRECT_OBJC_ISA_USAGE = YES_ERROR;
				CLANG_WARN_DOCUMENTATION_COMMENTS = YES;
				CLANG_WARN_EMPTY_BODY = YES;
				CLANG_WARN_ENUM_CONVERSION = YES;
				CLANG_WARN_INFINITE_RECURSION = YES;
				CLANG_WARN_INT_CONVERSION = YES;
				CLANG_WARN_NON_LITERAL_NULL_CONVERSION = YES;
				CLANG_WARN_OBJC_IMPLICIT_RETAIN_SELF = YES;
				CLANG_WARN_OBJC_LITERAL_CONVERSION = YES;
				CLANG_WARN_OBJC_ROOT_CLASS = YES_ERROR;
				CLANG_WARN_QUOTED_INCLUDE_IN_FRAMEWORK_HEADER = YES;
				CLANG_WARN_RANGE_LOOP_ANALYSIS = YES;
				CLANG_WARN_STRICT_PROTOTYPES = YES;
				CLANG_WARN_SUSPICIOUS_MOVE = YES;
				CLANG_WARN_UNGUARDED_AVAILABILITY = YES_AGGRESSIVE;
				CLANG_WARN_UNREACHABLE_CODE = YES;
				CLANG_WARN__DUPLICATE_METHOD_MATCH = YES;
				COPY_PHASE_STRIP = NO;
				DEBUG_INFORMATION_FORMAT = "dwarf-with-dsym";
				ENABLE_NS_ASSERTIONS = NO;
				ENABLE_STRICT_OBJC_MSGSEND = YES;
				ENABLE_USER_SCRIPT_SANDBOXING = YES;
				GCC_C_LANGUAGE_STANDARD = gnu17;
				GCC_NO_COMMON_BLOCKS = YES;
				GCC_WARN_64_TO_32_BIT_CONVERSION = YES;
				GCC_WARN_ABOUT_RETURN_TYPE = YES_ERROR;
				GCC_WARN_UNDECLARED_SELECTOR = YES;
				GCC_WARN_UNINITIALIZED_AUTOS = YES_AGGRESSIVE;
				GCC_WARN_UNUSED_FUNCTION = YES;
				GCC_WARN_UNUSED_VARIABLE = YES;
				IPHONEOS_DEPLOYMENT_TARGET = 17.0;
				LOCALIZATION_PREFERS_STRING_CATALOGS = YES;
				MTL_ENABLE_DEBUG_INFO = NO;
				MTL_FAST_MATH = YES;
				SDKROOT = iphoneos;
				SWIFT_COMPILATION_MODE = wholemodule;
				VALIDATE_PRODUCT = YES;
			};
			name = Release;
		};
		D11080F22C5D1C4400C5E225 /* Debug */ = {
			isa = XCBuildConfiguration;
			buildSettings = {
				ASSETCATALOG_COMPILER_APPICON_NAME = AppIcon;
				ASSETCATALOG_COMPILER_GLOBAL_ACCENT_COLOR_NAME = AccentColor;
				CODE_SIGN_STYLE = Automatic;
				CURRENT_PROJECT_VERSION = 1;
				DEVELOPMENT_ASSET_PATHS = "\"SkillTrees/Preview Content\"";
				DEVELOPMENT_TEAM = 4M2Z49546J;
				ENABLE_PREVIEWS = YES;
				GENERATE_INFOPLIST_FILE = YES;
				INFOPLIST_KEY_UIApplicationSceneManifest_Generation = YES;
				INFOPLIST_KEY_UIApplicationSupportsIndirectInputEvents = YES;
				INFOPLIST_KEY_UILaunchScreen_Generation = YES;
				INFOPLIST_KEY_UISupportedInterfaceOrientations = UIInterfaceOrientationPortrait;
				INFOPLIST_KEY_UISupportedInterfaceOrientations_iPad = "UIInterfaceOrientationLandscapeLeft UIInterfaceOrientationLandscapeRight UIInterfaceOrientationPortrait UIInterfaceOrientationPortraitUpsideDown";
				LD_RUNPATH_SEARCH_PATHS = (
					"$(inherited)",
					"@executable_path/Frameworks",
				);
				MARKETING_VERSION = 1.0;
				PRODUCT_BUNDLE_IDENTIFIER = com.lucasPennice.SkillTrees;
				PRODUCT_NAME = "$(TARGET_NAME)";
				SWIFT_EMIT_LOC_STRINGS = YES;
				SWIFT_VERSION = 5.0;
				TARGETED_DEVICE_FAMILY = "1,2";
			};
			name = Debug;
		};
		D11080F32C5D1C4400C5E225 /* Release */ = {
			isa = XCBuildConfiguration;
			buildSettings = {
				ASSETCATALOG_COMPILER_APPICON_NAME = AppIcon;
				ASSETCATALOG_COMPILER_GLOBAL_ACCENT_COLOR_NAME = AccentColor;
				CODE_SIGN_STYLE = Automatic;
				CURRENT_PROJECT_VERSION = 1;
				DEVELOPMENT_ASSET_PATHS = "\"SkillTrees/Preview Content\"";
				DEVELOPMENT_TEAM = 4M2Z49546J;
				ENABLE_PREVIEWS = YES;
				GENERATE_INFOPLIST_FILE = YES;
				INFOPLIST_KEY_UIApplicationSceneManifest_Generation = YES;
				INFOPLIST_KEY_UIApplicationSupportsIndirectInputEvents = YES;
				INFOPLIST_KEY_UILaunchScreen_Generation = YES;
				INFOPLIST_KEY_UISupportedInterfaceOrientations = UIInterfaceOrientationPortrait;
				INFOPLIST_KEY_UISupportedInterfaceOrientations_iPad = "UIInterfaceOrientationLandscapeLeft UIInterfaceOrientationLandscapeRight UIInterfaceOrientationPortrait UIInterfaceOrientationPortraitUpsideDown";
				LD_RUNPATH_SEARCH_PATHS = (
					"$(inherited)",
					"@executable_path/Frameworks",
				);
				MARKETING_VERSION = 1.0;
				PRODUCT_BUNDLE_IDENTIFIER = com.lucasPennice.SkillTrees;
				PRODUCT_NAME = "$(TARGET_NAME)";
				SWIFT_EMIT_LOC_STRINGS = YES;
				SWIFT_VERSION = 5.0;
				TARGETED_DEVICE_FAMILY = "1,2";
			};
			name = Release;
		};
/* End XCBuildConfiguration section */

/* Begin XCConfigurationList section */
		D11080DE2C5D1C4100C5E225 /* Build configuration list for PBXProject "SkillTrees" */ = {
			isa = XCConfigurationList;
			buildConfigurations = (
				D11080EF2C5D1C4400C5E225 /* Debug */,
				D11080F02C5D1C4400C5E225 /* Release */,
			);
			defaultConfigurationIsVisible = 0;
			defaultConfigurationName = Release;
		};
		D11080F12C5D1C4400C5E225 /* Build configuration list for PBXNativeTarget "SkillTrees" */ = {
			isa = XCConfigurationList;
			buildConfigurations = (
				D11080F22C5D1C4400C5E225 /* Debug */,
				D11080F32C5D1C4400C5E225 /* Release */,
			);
			defaultConfigurationIsVisible = 0;
			defaultConfigurationName = Release;
		};
/* End XCConfigurationList section */

/* Begin XCRemoteSwiftPackageReference section */
		D13889B52C8368DD004EB9F0 /* XCRemoteSwiftPackageReference "purchases-ios-spm" */ = {
			isa = XCRemoteSwiftPackageReference;
			repositoryURL = "https://github.com/RevenueCat/purchases-ios-spm.git";
			requirement = {
				kind = upToNextMajorVersion;
				minimumVersion = 5.0.0;
			};
		};
		D16723F62C8F5831001B8AB8 /* XCRemoteSwiftPackageReference "mixpanel-swift" */ = {
			isa = XCRemoteSwiftPackageReference;
			repositoryURL = "https://github.com/mixpanel/mixpanel-swift";
			requirement = {
				branch = master;
				kind = branch;
			};
		};
		D1B3892C2C6AA748008E9306 /* XCRemoteSwiftPackageReference "MCEmojiPicker" */ = {
			isa = XCRemoteSwiftPackageReference;
			repositoryURL = "https://github.com/izyumkin/MCEmojiPicker";
			requirement = {
				kind = upToNextMajorVersion;
				minimumVersion = 1.2.3;
			};
		};
/* End XCRemoteSwiftPackageReference section */

/* Begin XCSwiftPackageProductDependency section */
		D13889B62C8368DD004EB9F0 /* RevenueCat */ = {
			isa = XCSwiftPackageProductDependency;
			package = D13889B52C8368DD004EB9F0 /* XCRemoteSwiftPackageReference "purchases-ios-spm" */;
			productName = RevenueCat;
		};
		D13889B82C8368DD004EB9F0 /* RevenueCatUI */ = {
			isa = XCSwiftPackageProductDependency;
			package = D13889B52C8368DD004EB9F0 /* XCRemoteSwiftPackageReference "purchases-ios-spm" */;
			productName = RevenueCatUI;
		};
		D16723F72C8F5831001B8AB8 /* Mixpanel */ = {
			isa = XCSwiftPackageProductDependency;
			package = D16723F62C8F5831001B8AB8 /* XCRemoteSwiftPackageReference "mixpanel-swift" */;
			productName = Mixpanel;
		};
		D1B3892D2C6AA748008E9306 /* MCEmojiPicker */ = {
			isa = XCSwiftPackageProductDependency;
			package = D1B3892C2C6AA748008E9306 /* XCRemoteSwiftPackageReference "MCEmojiPicker" */;
			productName = MCEmojiPicker;
		};
/* End XCSwiftPackageProductDependency section */
	};
	rootObject = D11080DB2C5D1C4100C5E225 /* Project object */;
}
