// !$*UTF8*$!
{
	archiveVersion = 1;
	classes = {
	};
	objectVersion = 56;
	objects = {

/* Begin PBXBuildFile section */
		D11080E72C5D1C4100C5E225 /* SkillTreesApp.swift in Sources */ = {isa = PBXBuildFile; fileRef = D11080E62C5D1C4100C5E225 /* SkillTreesApp.swift */; };
		D11080E92C5D1C4100C5E225 /* ContentView.swift in Sources */ = {isa = PBXBuildFile; fileRef = D11080E82C5D1C4100C5E225 /* ContentView.swift */; };
		D11080EB2C5D1C4400C5E225 /* Assets.xcassets in Resources */ = {isa = PBXBuildFile; fileRef = D11080EA2C5D1C4400C5E225 /* Assets.xcassets */; };
		D11080EE2C5D1C4400C5E225 /* Preview Assets.xcassets in Resources */ = {isa = PBXBuildFile; fileRef = D11080ED2C5D1C4400C5E225 /* Preview Assets.xcassets */; };
		D19AB9C02C5D230600399662 /* Colors.swift in Sources */ = {isa = PBXBuildFile; fileRef = D19AB9BF2C5D230600399662 /* Colors.swift */; };
		D19AB9C22C5D2E9600399662 /* DialoguePopUpView.swift in Sources */ = {isa = PBXBuildFile; fileRef = D19AB9C12C5D2E9600399662 /* DialoguePopUpView.swift */; };
		D19AB9C62C5D882000399662 /* AddNewProgressTreeView.swift in Sources */ = {isa = PBXBuildFile; fileRef = D19AB9C52C5D882000399662 /* AddNewProgressTreeView.swift */; };
		D1B389232C699A56008E9306 /* Settings.swift in Sources */ = {isa = PBXBuildFile; fileRef = D1B389222C699A56008E9306 /* Settings.swift */; };
		D1B389252C699B75008E9306 /* ProgressTree.swift in Sources */ = {isa = PBXBuildFile; fileRef = D1B389242C699B75008E9306 /* ProgressTree.swift */; };
		D1B389272C699DDD008E9306 /* TreeNode.swift in Sources */ = {isa = PBXBuildFile; fileRef = D1B389262C699DDD008E9306 /* TreeNode.swift */; };
		D1B389292C699DFD008E9306 /* ItemCompletionRecord.swift in Sources */ = {isa = PBXBuildFile; fileRef = D1B389282C699DFD008E9306 /* ItemCompletionRecord.swift */; };
		D1B3892B2C69A05E008E9306 /* SwiftDataController.swift in Sources */ = {isa = PBXBuildFile; fileRef = D1B3892A2C69A05E008E9306 /* SwiftDataController.swift */; };
		D1B3892E2C6AA748008E9306 /* MCEmojiPicker in Frameworks */ = {isa = PBXBuildFile; productRef = D1B3892D2C6AA748008E9306 /* MCEmojiPicker */; };
		D1B389312C6AAB00008E9306 /* ProgressTreeTemplates.swift in Sources */ = {isa = PBXBuildFile; fileRef = D1B389302C6AAB00008E9306 /* ProgressTreeTemplates.swift */; };
/* End PBXBuildFile section */

/* Begin PBXFileReference section */
		D11080E32C5D1C4100C5E225 /* SkillTrees.app */ = {isa = PBXFileReference; explicitFileType = wrapper.application; includeInIndex = 0; path = SkillTrees.app; sourceTree = BUILT_PRODUCTS_DIR; };
		D11080E62C5D1C4100C5E225 /* SkillTreesApp.swift */ = {isa = PBXFileReference; lastKnownFileType = sourcecode.swift; path = SkillTreesApp.swift; sourceTree = "<group>"; };
		D11080E82C5D1C4100C5E225 /* ContentView.swift */ = {isa = PBXFileReference; lastKnownFileType = sourcecode.swift; path = ContentView.swift; sourceTree = "<group>"; };
		D11080EA2C5D1C4400C5E225 /* Assets.xcassets */ = {isa = PBXFileReference; lastKnownFileType = folder.assetcatalog; path = Assets.xcassets; sourceTree = "<group>"; };
		D11080ED2C5D1C4400C5E225 /* Preview Assets.xcassets */ = {isa = PBXFileReference; lastKnownFileType = folder.assetcatalog; path = "Preview Assets.xcassets"; sourceTree = "<group>"; };
		D19AB9BF2C5D230600399662 /* Colors.swift */ = {isa = PBXFileReference; lastKnownFileType = sourcecode.swift; path = Colors.swift; sourceTree = "<group>"; };
		D19AB9C12C5D2E9600399662 /* DialoguePopUpView.swift */ = {isa = PBXFileReference; lastKnownFileType = sourcecode.swift; path = DialoguePopUpView.swift; sourceTree = "<group>"; };
		D19AB9C52C5D882000399662 /* AddNewProgressTreeView.swift */ = {isa = PBXFileReference; lastKnownFileType = sourcecode.swift; path = AddNewProgressTreeView.swift; sourceTree = "<group>"; };
		D1B389222C699A56008E9306 /* Settings.swift */ = {isa = PBXFileReference; lastKnownFileType = sourcecode.swift; path = Settings.swift; sourceTree = "<group>"; };
		D1B389242C699B75008E9306 /* ProgressTree.swift */ = {isa = PBXFileReference; lastKnownFileType = sourcecode.swift; path = ProgressTree.swift; sourceTree = "<group>"; };
		D1B389262C699DDD008E9306 /* TreeNode.swift */ = {isa = PBXFileReference; lastKnownFileType = sourcecode.swift; path = TreeNode.swift; sourceTree = "<group>"; };
		D1B389282C699DFD008E9306 /* ItemCompletionRecord.swift */ = {isa = PBXFileReference; lastKnownFileType = sourcecode.swift; path = ItemCompletionRecord.swift; sourceTree = "<group>"; };
		D1B3892A2C69A05E008E9306 /* SwiftDataController.swift */ = {isa = PBXFileReference; lastKnownFileType = sourcecode.swift; path = SwiftDataController.swift; sourceTree = "<group>"; };
		D1B389302C6AAB00008E9306 /* ProgressTreeTemplates.swift */ = {isa = PBXFileReference; lastKnownFileType = sourcecode.swift; path = ProgressTreeTemplates.swift; sourceTree = "<group>"; };
/* End PBXFileReference section */

/* Begin PBXFrameworksBuildPhase section */
		D11080E02C5D1C4100C5E225 /* Frameworks */ = {
			isa = PBXFrameworksBuildPhase;
			buildActionMask = 2147483647;
			files = (
				D1B3892E2C6AA748008E9306 /* MCEmojiPicker in Frameworks */,
			);
			runOnlyForDeploymentPostprocessing = 0;
		};
/* End PBXFrameworksBuildPhase section */

/* Begin PBXGroup section */
		D11080DA2C5D1C4100C5E225 = {
			isa = PBXGroup;
			children = (
				D11080E52C5D1C4100C5E225 /* SkillTrees */,
				D11080E42C5D1C4100C5E225 /* Products */,
			);
			sourceTree = "<group>";
		};
		D11080E42C5D1C4100C5E225 /* Products */ = {
			isa = PBXGroup;
			children = (
				D11080E32C5D1C4100C5E225 /* SkillTrees.app */,
			);
			name = Products;
			sourceTree = "<group>";
		};
		D11080E52C5D1C4100C5E225 /* SkillTrees */ = {
			isa = PBXGroup;
			children = (
				D19AB9BD2C5D22EB00399662 /* Shared */,
				D11080E62C5D1C4100C5E225 /* SkillTreesApp.swift */,
				D11080E82C5D1C4100C5E225 /* ContentView.swift */,
				D11080EA2C5D1C4400C5E225 /* Assets.xcassets */,
				D11080EC2C5D1C4400C5E225 /* Preview Content */,
				D19AB9C12C5D2E9600399662 /* DialoguePopUpView.swift */,
				D19AB9C52C5D882000399662 /* AddNewProgressTreeView.swift */,
			);
			path = SkillTrees;
			sourceTree = "<group>";
		};
		D11080EC2C5D1C4400C5E225 /* Preview Content */ = {
			isa = PBXGroup;
			children = (
				D11080ED2C5D1C4400C5E225 /* Preview Assets.xcassets */,
			);
			path = "Preview Content";
			sourceTree = "<group>";
		};
		D19AB9BD2C5D22EB00399662 /* Shared */ = {
			isa = PBXGroup;
			children = (
				D1B3892F2C6AAAE9008E9306 /* Constants */,
				D1B3891F2C697147008E9306 /* Extensions */,
				D19AB9BE2C5D22F200399662 /* Entities */,
				D19AB9BF2C5D230600399662 /* Colors.swift */,
				D1B3892A2C69A05E008E9306 /* SwiftDataController.swift */,
			);
			path = Shared;
			sourceTree = "<group>";
		};
		D19AB9BE2C5D22F200399662 /* Entities */ = {
			isa = PBXGroup;
			children = (
				D1B389222C699A56008E9306 /* Settings.swift */,
				D1B389242C699B75008E9306 /* ProgressTree.swift */,
				D1B389262C699DDD008E9306 /* TreeNode.swift */,
				D1B389282C699DFD008E9306 /* ItemCompletionRecord.swift */,
			);
			path = Entities;
			sourceTree = "<group>";
		};
		D1B3891F2C697147008E9306 /* Extensions */ = {
			isa = PBXGroup;
			children = (
			);
			path = Extensions;
			sourceTree = "<group>";
		};
		D1B3892F2C6AAAE9008E9306 /* Constants */ = {
			isa = PBXGroup;
			children = (
				D1B389302C6AAB00008E9306 /* ProgressTreeTemplates.swift */,
			);
			path = Constants;
			sourceTree = "<group>";
		};
/* End PBXGroup section */

/* Begin PBXNativeTarget section */
		D11080E22C5D1C4100C5E225 /* SkillTrees */ = {
			isa = PBXNativeTarget;
			buildConfigurationList = D11080F12C5D1C4400C5E225 /* Build configuration list for PBXNativeTarget "SkillTrees" */;
			buildPhases = (
				D11080DF2C5D1C4100C5E225 /* Sources */,
				D11080E02C5D1C4100C5E225 /* Frameworks */,
				D11080E12C5D1C4100C5E225 /* Resources */,
			);
			buildRules = (
			);
			dependencies = (
			);
			name = SkillTrees;
			packageProductDependencies = (
				D1B3892D2C6AA748008E9306 /* MCEmojiPicker */,
			);
			productName = SkillTrees;
			productReference = D11080E32C5D1C4100C5E225 /* SkillTrees.app */;
			productType = "com.apple.product-type.application";
		};
/* End PBXNativeTarget section */

/* Begin PBXProject section */
		D11080DB2C5D1C4100C5E225 /* Project object */ = {
			isa = PBXProject;
			attributes = {
				BuildIndependentTargetsInParallel = 1;
				LastSwiftUpdateCheck = 1530;
				LastUpgradeCheck = 1530;
				TargetAttributes = {
					D11080E22C5D1C4100C5E225 = {
						CreatedOnToolsVersion = 15.3;
					};
				};
			};
			buildConfigurationList = D11080DE2C5D1C4100C5E225 /* Build configuration list for PBXProject "SkillTrees" */;
			compatibilityVersion = "Xcode 14.0";
			developmentRegion = en;
			hasScannedForEncodings = 0;
			knownRegions = (
				en,
				Base,
			);
			mainGroup = D11080DA2C5D1C4100C5E225;
			packageReferences = (
				D1B3892C2C6AA748008E9306 /* XCRemoteSwiftPackageReference "MCEmojiPicker" */,
			);
			productRefGroup = D11080E42C5D1C4100C5E225 /* Products */;
			projectDirPath = "";
			projectRoot = "";
			targets = (
				D11080E22C5D1C4100C5E225 /* SkillTrees */,
			);
		};
/* End PBXProject section */

/* Begin PBXResourcesBuildPhase section */
		D11080E12C5D1C4100C5E225 /* Resources */ = {
			isa = PBXResourcesBuildPhase;
			buildActionMask = 2147483647;
			files = (
				D11080EE2C5D1C4400C5E225 /* Preview Assets.xcassets in Resources */,
				D11080EB2C5D1C4400C5E225 /* Assets.xcassets in Resources */,
			);
			runOnlyForDeploymentPostprocessing = 0;
		};
/* End PBXResourcesBuildPhase section */

/* Begin PBXSourcesBuildPhase section */
		D11080DF2C5D1C4100C5E225 /* Sources */ = {
			isa = PBXSourcesBuildPhase;
			buildActionMask = 2147483647;
			files = (
				D1B389232C699A56008E9306 /* Settings.swift in Sources */,
				D19AB9C62C5D882000399662 /* AddNewProgressTreeView.swift in Sources */,
				D1B389292C699DFD008E9306 /* ItemCompletionRecord.swift in Sources */,
				D11080E92C5D1C4100C5E225 /* ContentView.swift in Sources */,
				D19AB9C02C5D230600399662 /* Colors.swift in Sources */,
				D11080E72C5D1C4100C5E225 /* SkillTreesApp.swift in Sources */,
				D19AB9C22C5D2E9600399662 /* DialoguePopUpView.swift in Sources */,
				D1B389252C699B75008E9306 /* ProgressTree.swift in Sources */,
				D1B389312C6AAB00008E9306 /* ProgressTreeTemplates.swift in Sources */,
				D1B389272C699DDD008E9306 /* TreeNode.swift in Sources */,
				D1B3892B2C69A05E008E9306 /* SwiftDataController.swift in Sources */,
			);
			runOnlyForDeploymentPostprocessing = 0;
		};
/* End PBXSourcesBuildPhase section */

/* Begin XCBuildConfiguration section */
		D11080EF2C5D1C4400C5E225 /* Debug */ = {
			isa = XCBuildConfiguration;
			buildSettings = {
				ALWAYS_SEARCH_USER_PATHS = NO;
				ASSETCATALOG_COMPILER_GENERATE_SWIFT_ASSET_SYMBOL_EXTENSIONS = YES;
				CLANG_ANALYZER_NONNULL = YES;
				CLANG_ANALYZER_NUMBER_OBJECT_CONVERSION = YES_AGGRESSIVE;
				CLANG_CXX_LANGUAGE_STANDARD = "gnu++20";
				CLANG_ENABLE_MODULES = YES;
				CLANG_ENABLE_OBJC_ARC = YES;
				CLANG_ENABLE_OBJC_WEAK = YES;
				CLANG_WARN_BLOCK_CAPTURE_AUTORELEASING = YES;
				CLANG_WARN_BOOL_CONVERSION = YES;
				CLANG_WARN_COMMA = YES;
				CLANG_WARN_CONSTANT_CONVERSION = YES;
				CLANG_WARN_DEPRECATED_OBJC_IMPLEMENTATIONS = YES;
				CLANG_WARN_DIRECT_OBJC_ISA_USAGE = YES_ERROR;
				CLANG_WARN_DOCUMENTATION_COMMENTS = YES;
				CLANG_WARN_EMPTY_BODY = YES;
				CLANG_WARN_ENUM_CONVERSION = YES;
				CLANG_WARN_INFINITE_RECURSION = YES;
				CLANG_WARN_INT_CONVERSION = YES;
				CLANG_WARN_NON_LITERAL_NULL_CONVERSION = YES;
				CLANG_WARN_OBJC_IMPLICIT_RETAIN_SELF = YES;
				CLANG_WARN_OBJC_LITERAL_CONVERSION = YES;
				CLANG_WARN_OBJC_ROOT_CLASS = YES_ERROR;
				CLANG_WARN_QUOTED_INCLUDE_IN_FRAMEWORK_HEADER = YES;
				CLANG_WARN_RANGE_LOOP_ANALYSIS = YES;
				CLANG_WARN_STRICT_PROTOTYPES = YES;
				CLANG_WARN_SUSPICIOUS_MOVE = YES;
				CLANG_WARN_UNGUARDED_AVAILABILITY = YES_AGGRESSIVE;
				CLANG_WARN_UNREACHABLE_CODE = YES;
				CLANG_WARN__DUPLICATE_METHOD_MATCH = YES;
				COPY_PHASE_STRIP = NO;
				DEBUG_INFORMATION_FORMAT = dwarf;
				ENABLE_STRICT_OBJC_MSGSEND = YES;
				ENABLE_TESTABILITY = YES;
				ENABLE_USER_SCRIPT_SANDBOXING = YES;
				GCC_C_LANGUAGE_STANDARD = gnu17;
				GCC_DYNAMIC_NO_PIC = NO;
				GCC_NO_COMMON_BLOCKS = YES;
				GCC_OPTIMIZATION_LEVEL = 0;
				GCC_PREPROCESSOR_DEFINITIONS = (
					"DEBUG=1",
					"$(inherited)",
				);
				GCC_WARN_64_TO_32_BIT_CONVERSION = YES;
				GCC_WARN_ABOUT_RETURN_TYPE = YES_ERROR;
				GCC_WARN_UNDECLARED_SELECTOR = YES;
				GCC_WARN_UNINITIALIZED_AUTOS = YES_AGGRESSIVE;
				GCC_WARN_UNUSED_FUNCTION = YES;
				GCC_WARN_UNUSED_VARIABLE = YES;
				IPHONEOS_DEPLOYMENT_TARGET = 17.4;
				LOCALIZATION_PREFERS_STRING_CATALOGS = YES;
				MTL_ENABLE_DEBUG_INFO = INCLUDE_SOURCE;
				MTL_FAST_MATH = YES;
				ONLY_ACTIVE_ARCH = YES;
				SDKROOT = iphoneos;
				SWIFT_ACTIVE_COMPILATION_CONDITIONS = "DEBUG $(inherited)";
				SWIFT_OPTIMIZATION_LEVEL = "-Onone";
			};
			name = Debug;
		};
		D11080F02C5D1C4400C5E225 /* Release */ = {
			isa = XCBuildConfiguration;
			buildSettings = {
				ALWAYS_SEARCH_USER_PATHS = NO;
				ASSETCATALOG_COMPILER_GENERATE_SWIFT_ASSET_SYMBOL_EXTENSIONS = YES;
				CLANG_ANALYZER_NONNULL = YES;
				CLANG_ANALYZER_NUMBER_OBJECT_CONVERSION = YES_AGGRESSIVE;
				CLANG_CXX_LANGUAGE_STANDARD = "gnu++20";
				CLANG_ENABLE_MODULES = YES;
				CLANG_ENABLE_OBJC_ARC = YES;
				CLANG_ENABLE_OBJC_WEAK = YES;
				CLANG_WARN_BLOCK_CAPTURE_AUTORELEASING = YES;
				CLANG_WARN_BOOL_CONVERSION = YES;
				CLANG_WARN_COMMA = YES;
				CLANG_WARN_CONSTANT_CONVERSION = YES;
				CLANG_WARN_DEPRECATED_OBJC_IMPLEMENTATIONS = YES;
				CLANG_WARN_DIRECT_OBJC_ISA_USAGE = YES_ERROR;
				CLANG_WARN_DOCUMENTATION_COMMENTS = YES;
				CLANG_WARN_EMPTY_BODY = YES;
				CLANG_WARN_ENUM_CONVERSION = YES;
				CLANG_WARN_INFINITE_RECURSION = YES;
				CLANG_WARN_INT_CONVERSION = YES;
				CLANG_WARN_NON_LITERAL_NULL_CONVERSION = YES;
				CLANG_WARN_OBJC_IMPLICIT_RETAIN_SELF = YES;
				CLANG_WARN_OBJC_LITERAL_CONVERSION = YES;
				CLANG_WARN_OBJC_ROOT_CLASS = YES_ERROR;
				CLANG_WARN_QUOTED_INCLUDE_IN_FRAMEWORK_HEADER = YES;
				CLANG_WARN_RANGE_LOOP_ANALYSIS = YES;
				CLANG_WARN_STRICT_PROTOTYPES = YES;
				CLANG_WARN_SUSPICIOUS_MOVE = YES;
				CLANG_WARN_UNGUARDED_AVAILABILITY = YES_AGGRESSIVE;
				CLANG_WARN_UNREACHABLE_CODE = YES;
				CLANG_WARN__DUPLICATE_METHOD_MATCH = YES;
				COPY_PHASE_STRIP = NO;
				DEBUG_INFORMATION_FORMAT = "dwarf-with-dsym";
				ENABLE_NS_ASSERTIONS = NO;
				ENABLE_STRICT_OBJC_MSGSEND = YES;
				ENABLE_USER_SCRIPT_SANDBOXING = YES;
				GCC_C_LANGUAGE_STANDARD = gnu17;
				GCC_NO_COMMON_BLOCKS = YES;
				GCC_WARN_64_TO_32_BIT_CONVERSION = YES;
				GCC_WARN_ABOUT_RETURN_TYPE = YES_ERROR;
				GCC_WARN_UNDECLARED_SELECTOR = YES;
				GCC_WARN_UNINITIALIZED_AUTOS = YES_AGGRESSIVE;
				GCC_WARN_UNUSED_FUNCTION = YES;
				GCC_WARN_UNUSED_VARIABLE = YES;
				IPHONEOS_DEPLOYMENT_TARGET = 17.4;
				LOCALIZATION_PREFERS_STRING_CATALOGS = YES;
				MTL_ENABLE_DEBUG_INFO = NO;
				MTL_FAST_MATH = YES;
				SDKROOT = iphoneos;
				SWIFT_COMPILATION_MODE = wholemodule;
				VALIDATE_PRODUCT = YES;
			};
			name = Release;
		};
		D11080F22C5D1C4400C5E225 /* Debug */ = {
			isa = XCBuildConfiguration;
			buildSettings = {
				ASSETCATALOG_COMPILER_APPICON_NAME = AppIcon;
				ASSETCATALOG_COMPILER_GLOBAL_ACCENT_COLOR_NAME = AccentColor;
				CODE_SIGN_STYLE = Automatic;
				CURRENT_PROJECT_VERSION = 1;
				DEVELOPMENT_ASSET_PATHS = "\"SkillTrees/Preview Content\"";
				DEVELOPMENT_TEAM = 4M2Z49546J;
				ENABLE_PREVIEWS = YES;
				GENERATE_INFOPLIST_FILE = YES;
				INFOPLIST_KEY_UIApplicationSceneManifest_Generation = YES;
				INFOPLIST_KEY_UIApplicationSupportsIndirectInputEvents = YES;
				INFOPLIST_KEY_UILaunchScreen_Generation = YES;
				INFOPLIST_KEY_UISupportedInterfaceOrientations_iPad = "UIInterfaceOrientationPortrait UIInterfaceOrientationPortraitUpsideDown UIInterfaceOrientationLandscapeLeft UIInterfaceOrientationLandscapeRight";
				INFOPLIST_KEY_UISupportedInterfaceOrientations_iPhone = "UIInterfaceOrientationPortrait UIInterfaceOrientationLandscapeLeft UIInterfaceOrientationLandscapeRight";
				LD_RUNPATH_SEARCH_PATHS = (
					"$(inherited)",
					"@executable_path/Frameworks",
				);
				MARKETING_VERSION = 1.0;
				PRODUCT_BUNDLE_IDENTIFIER = lucasPennice.SkillTrees;
				PRODUCT_NAME = "$(TARGET_NAME)";
				SWIFT_EMIT_LOC_STRINGS = YES;
				SWIFT_VERSION = 5.0;
				TARGETED_DEVICE_FAMILY = "1,2";
			};
			name = Debug;
		};
		D11080F32C5D1C4400C5E225 /* Release */ = {
			isa = XCBuildConfiguration;
			buildSettings = {
				ASSETCATALOG_COMPILER_APPICON_NAME = AppIcon;
				ASSETCATALOG_COMPILER_GLOBAL_ACCENT_COLOR_NAME = AccentColor;
				CODE_SIGN_STYLE = Automatic;
				CURRENT_PROJECT_VERSION = 1;
				DEVELOPMENT_ASSET_PATHS = "\"SkillTrees/Preview Content\"";
				DEVELOPMENT_TEAM = 4M2Z49546J;
				ENABLE_PREVIEWS = YES;
				GENERATE_INFOPLIST_FILE = YES;
				INFOPLIST_KEY_UIApplicationSceneManifest_Generation = YES;
				INFOPLIST_KEY_UIApplicationSupportsIndirectInputEvents = YES;
				INFOPLIST_KEY_UILaunchScreen_Generation = YES;
				INFOPLIST_KEY_UISupportedInterfaceOrientations_iPad = "UIInterfaceOrientationPortrait UIInterfaceOrientationPortraitUpsideDown UIInterfaceOrientationLandscapeLeft UIInterfaceOrientationLandscapeRight";
				INFOPLIST_KEY_UISupportedInterfaceOrientations_iPhone = "UIInterfaceOrientationPortrait UIInterfaceOrientationLandscapeLeft UIInterfaceOrientationLandscapeRight";
				LD_RUNPATH_SEARCH_PATHS = (
					"$(inherited)",
					"@executable_path/Frameworks",
				);
				MARKETING_VERSION = 1.0;
				PRODUCT_BUNDLE_IDENTIFIER = lucasPennice.SkillTrees;
				PRODUCT_NAME = "$(TARGET_NAME)";
				SWIFT_EMIT_LOC_STRINGS = YES;
				SWIFT_VERSION = 5.0;
				TARGETED_DEVICE_FAMILY = "1,2";
			};
			name = Release;
		};
/* End XCBuildConfiguration section */

/* Begin XCConfigurationList section */
		D11080DE2C5D1C4100C5E225 /* Build configuration list for PBXProject "SkillTrees" */ = {
			isa = XCConfigurationList;
			buildConfigurations = (
				D11080EF2C5D1C4400C5E225 /* Debug */,
				D11080F02C5D1C4400C5E225 /* Release */,
			);
			defaultConfigurationIsVisible = 0;
			defaultConfigurationName = Release;
		};
		D11080F12C5D1C4400C5E225 /* Build configuration list for PBXNativeTarget "SkillTrees" */ = {
			isa = XCConfigurationList;
			buildConfigurations = (
				D11080F22C5D1C4400C5E225 /* Debug */,
				D11080F32C5D1C4400C5E225 /* Release */,
			);
			defaultConfigurationIsVisible = 0;
			defaultConfigurationName = Release;
		};
/* End XCConfigurationList section */

/* Begin XCRemoteSwiftPackageReference section */
		D1B3892C2C6AA748008E9306 /* XCRemoteSwiftPackageReference "MCEmojiPicker" */ = {
			isa = XCRemoteSwiftPackageReference;
			repositoryURL = "https://github.com/izyumkin/MCEmojiPicker";
			requirement = {
				kind = upToNextMajorVersion;
				minimumVersion = 1.2.3;
			};
		};
/* End XCRemoteSwiftPackageReference section */

/* Begin XCSwiftPackageProductDependency section */
		D1B3892D2C6AA748008E9306 /* MCEmojiPicker */ = {
			isa = XCSwiftPackageProductDependency;
			package = D1B3892C2C6AA748008E9306 /* XCRemoteSwiftPackageReference "MCEmojiPicker" */;
			productName = MCEmojiPicker;
		};
/* End XCSwiftPackageProductDependency section */
	};
	rootObject = D11080DB2C5D1C4100C5E225 /* Project object */;
}
