{
  "originHash" : "c79ba71ff747a5215c2678a3ba25c754992728033cd135d93a9ff352a9d5da14",
  "pins" : [
    {
      "identity" : "mcemojipicker",
      "kind" : "remoteSourceControl",
      "location" : "https://github.com/izyumkin/MCEmojiPicker",
      "state" : {
        "revision" : "e0b4903b75ae1cc418d276d84d1cb946b8a1d73c",
        "version" : "1.2.3"
      }
    },
    {
      "identity" : "purchases-ios-spm",
      "kind" : "remoteSourceControl",
      "location" : "https://github.com/RevenueCat/purchases-ios-spm.git",
      "state" : {
        "revision" : "a7371c863ef923c34fd340f95a7fe27de8367c76",
        "version" : "5.3.1"
      }
    }
  ],
  "version" : 3
}
